
Microsoft Visual Studio Solution File, Format Version 12.00
# Blend for Visual Studio Version 17
VisualStudioVersion = 17.5.33516.290
MinimumVisualStudioVersion = 10.0.40219.1
Project("{9A19103F-16F7-4668-BE54-9A1E7A4F7556}") = "polygon visualizer", "testing shapes\polygon visualizer.csproj", "{EFB6B39B-D1B5-4055-A525-FFE372757159}"
EndProject
Global
	GlobalSection(SolutionConfigurationPlatforms) = preSolution
		Debug|Any CPU = Debug|Any CPU
		Release|Any CPU = Release|Any CPU
	EndGlobalSection
	GlobalSection(ProjectConfigurationPlatforms) = postSolution
		{EFB6B39B-D1B5-4055-A525-FFE372757159}.Debug|Any CPU.ActiveCfg = Debug|Any CPU
		{EFB6B39B-D1B5-4055-A525-FFE372757159}.Debug|Any CPU.Build.0 = Debug|Any CPU
		{EFB6B39B-D1B5-4055-A525-FFE372757159}.Release|Any CPU.ActiveCfg = Release|Any CPU
		{EFB6B39B-D1B5-4055-A525-FFE372757159}.Release|Any CPU.Build.0 = Release|Any CPU
	EndGlobalSection
	GlobalSection(SolutionProperties) = preSolution
		HideSolutionNode = FALSE
	EndGlobalSection
	GlobalSection(ExtensibilityGlobals) = postSolution
		SolutionGuid = {2F7737CB-CB0D-454B-AE52-B591D017BF0D}
	EndGlobalSection
EndGlobal
